{
  "name": "Psyches-Of-Color-App",
  "lockfileVersion": 3,
  "requires": true,
  "packages": {
    "": {
      "dependencies": {
        "@react-native-firebase/messaging": "^21.10.1"
      }
    },
    "node_modules/@react-native-firebase/messaging": {
      "version": "21.10.1",
      "resolved": "https://registry.npmjs.org/@react-native-firebase/messaging/-/messaging-21.10.1.tgz",
      "integrity": "sha512-zMxNMXRkmlE4V64i/KG7nNNY+ZIUrCWBOv2MwL4+55Plgfxorym6XYt4Xq+oimKu78gen5bE0PHk4aoCn/vkog==",
      "license": "Apache-2.0",
      "peerDependencies": {
        "@react-native-firebase/app": "21.10.1",
        "expo": ">=47.0.0"
      },
      "peerDependenciesMeta": {
        "expo": {
          "optional": true
        }
      }
    }
  }
}
